
Microsoft Visual Studio Solution File, Format Version 12.00
# Visual Studio Version 17
VisualStudioVersion = 17.2.32630.192
MinimumVisualStudioVersion = 10.0.40219.1
Project("{9A19103F-16F7-4668-BE54-9A1E7A4F7556}") = "Rig", "Rig\Rig.csproj", "{6A64B997-8B7D-43F5-8DB8-E7508D2C7EDD}"
EndProject
Project("{9A19103F-16F7-4668-BE54-9A1E7A4F7556}") = "Rig.Tests", "Rig.Tests\Rig.Tests.csproj", "{F7D93ED6-2A20-481F-AD15-7AD0509F0E6F}"
EndProject
Global
	GlobalSection(SolutionConfigurationPlatforms) = preSolution
		Debug|Any CPU = Debug|Any CPU
		Release|Any CPU = Release|Any CPU
	EndGlobalSection
	GlobalSection(ProjectConfigurationPlatforms) = postSolution
		{6A64B997-8B7D-43F5-8DB8-E7508D2C7EDD}.Debug|Any CPU.ActiveCfg = Debug|Any CPU
		{6A64B997-8B7D-43F5-8DB8-E7508D2C7EDD}.Debug|Any CPU.Build.0 = Debug|Any CPU
		{6A64B997-8B7D-43F5-8DB8-E7508D2C7EDD}.Release|Any CPU.ActiveCfg = Release|Any CPU
		{6A64B997-8B7D-43F5-8DB8-E7508D2C7EDD}.Release|Any CPU.Build.0 = Release|Any CPU
		{F7D93ED6-2A20-481F-AD15-7AD0509F0E6F}.Debug|Any CPU.ActiveCfg = Debug|Any CPU
		{F7D93ED6-2A20-481F-AD15-7AD0509F0E6F}.Debug|Any CPU.Build.0 = Debug|Any CPU
		{F7D93ED6-2A20-481F-AD15-7AD0509F0E6F}.Release|Any CPU.ActiveCfg = Release|Any CPU
		{F7D93ED6-2A20-481F-AD15-7AD0509F0E6F}.Release|Any CPU.Build.0 = Release|Any CPU
	EndGlobalSection
	GlobalSection(SolutionProperties) = preSolution
		HideSolutionNode = FALSE
	EndGlobalSection
	GlobalSection(ExtensibilityGlobals) = postSolution
		SolutionGuid = {7B431377-9B9B-4119-96A9-D2E9AA882741}
	EndGlobalSection
EndGlobal
